<?xml version="1.0" encoding="utf-8"?>
<Project ToolsVersion="4.0" xmlns="http://schemas.microsoft.com/developer/msbuild/2003">
  <ItemGroup>
    <Filter Include="FrameWork">
      <UniqueIdentifier>{b5244061-9ab8-445e-8577-121558369a23}</UniqueIdentifier>
    </Filter>
    <Filter Include="Game">
      <UniqueIdentifier>{29b57f5a-4a9b-424c-85a0-a975a88a2d9e}</UniqueIdentifier>
    </Filter>
    <Filter Include="TileMap">
      <UniqueIdentifier>{640a7372-f128-4358-a4cd-32596fea1656}</UniqueIdentifier>
    </Filter>
    <Filter Include="Object">
      <UniqueIdentifier>{25c71947-975b-409c-abe4-a09b9dfebe8b}</UniqueIdentifier>
    </Filter>
    <Filter Include="Object\Static Object">
      <UniqueIdentifier>{1f369022-fa19-486f-8d3c-3694fab84f25}</UniqueIdentifier>
    </Filter>
    <Filter Include="WinMain">
      <UniqueIdentifier>{1ac8d7f9-1ece-47be-bc01-92099d72990c}</UniqueIdentifier>
    </Filter>
    <Filter Include="Scenes">
      <UniqueIdentifier>{33ab0fe0-5e5a-4cfb-9f12-d7239eed2a44}</UniqueIdentifier>
    </Filter>
    <Filter Include="UI">
      <UniqueIdentifier>{b995cd34-c520-453d-bf45-0f15e407625d}</UniqueIdentifier>
    </Filter>
    <Filter Include="Simon">
      <UniqueIdentifier>{cacf6498-46a2-4f34-8e24-fd9c56b7e97b}</UniqueIdentifier>
    </Filter>
    <Filter Include="Item">
      <UniqueIdentifier>{4030675a-7855-4583-b189-04f19ef85f1c}</UniqueIdentifier>
    </Filter>
    <Filter Include="Effect">
      <UniqueIdentifier>{b806c285-4790-4a1e-8095-181e9fbc6443}</UniqueIdentifier>
    </Filter>
    <Filter Include="Library">
      <UniqueIdentifier>{8babb7b7-8187-4ac2-b7ab-c1a7a175dfb7}</UniqueIdentifier>
    </Filter>
    <Filter Include="Library\Lib">
      <UniqueIdentifier>{33737e71-7618-42b7-b7bc-0d4199b8c5b0}</UniqueIdentifier>
    </Filter>
    <Filter Include="Library\Inc">
      <UniqueIdentifier>{00d03dd0-2994-4d84-b026-cc8a934e6bec}</UniqueIdentifier>
    </Filter>
  </ItemGroup>
  <ItemGroup>
    <ClCompile Include="Animations.cpp">
      <Filter>FrameWork</Filter>
    </ClCompile>
    <ClCompile Include="Debug.cpp">
      <Filter>FrameWork</Filter>
    </ClCompile>
    <ClCompile Include="Sprites.cpp">
      <Filter>FrameWork</Filter>
    </ClCompile>
    <ClCompile Include="Textures.cpp">
      <Filter>FrameWork</Filter>
    </ClCompile>
    <ClCompile Include="Game.cpp">
      <Filter>Game</Filter>
    </ClCompile>
    <ClCompile Include="GameObject.cpp">
      <Filter>Game</Filter>
    </ClCompile>
    <ClCompile Include="KeyEventHandler.cpp">
      <Filter>FrameWork</Filter>
    </ClCompile>
    <ClCompile Include="Ground.cpp">
      <Filter>Object\Static Object</Filter>
    </ClCompile>
    <ClCompile Include="main.cpp">
      <Filter>WinMain</Filter>
    </ClCompile>
    <ClCompile Include="Stage1.cpp">
      <Filter>Scenes</Filter>
    </ClCompile>
    <ClCompile Include="GameStage.cpp">
      <Filter>Scenes</Filter>
    </ClCompile>
    <ClCompile Include="StageManager.cpp">
      <Filter>Scenes</Filter>
    </ClCompile>
    <ClCompile Include="UI.cpp">
      <Filter>UI</Filter>
    </ClCompile>
    <ClCompile Include="TileMap.cpp">
      <Filter>TileMap</Filter>
    </ClCompile>
    <ClCompile Include="Simon.cpp">
      <Filter>Simon</Filter>
    </ClCompile>
    <ClCompile Include="Whip.cpp">
      <Filter>Simon</Filter>
    </ClCompile>
    <ClCompile Include="Candle.cpp">
      <Filter>Object\Static Object</Filter>
    </ClCompile>
    <ClCompile Include="Define.h">
      <Filter>WinMain</Filter>
    </ClCompile>
    <ClCompile Include="Items.cpp">
      <Filter>Item</Filter>
    </ClCompile>
    <ClCompile Include="EffectDead.cpp">
      <Filter>Effect</Filter>
    </ClCompile>
    <ClCompile Include="SubWeapon.cpp">
      <Filter>Simon</Filter>
    </ClCompile>
  </ItemGroup>
  <ItemGroup>
    <ClInclude Include="Animations.h">
      <Filter>FrameWork</Filter>
    </ClInclude>
    <ClInclude Include="Debug.h">
      <Filter>FrameWork</Filter>
    </ClInclude>
    <ClInclude Include="Sprites.h">
      <Filter>FrameWork</Filter>
    </ClInclude>
    <ClInclude Include="Textures.h">
      <Filter>FrameWork</Filter>
    </ClInclude>
    <ClInclude Include="Game.h">
      <Filter>Game</Filter>
    </ClInclude>
    <ClInclude Include="GameObject.h">
      <Filter>Game</Filter>
    </ClInclude>
    <ClInclude Include="KeyEventHandler.h">
      <Filter>FrameWork</Filter>
    </ClInclude>
    <ClInclude Include="Ground.h">
      <Filter>Object\Static Object</Filter>
    </ClInclude>
    <ClInclude Include="Stage1.h">
      <Filter>Scenes</Filter>
    </ClInclude>
    <ClInclude Include="GameStage.h">
      <Filter>Scenes</Filter>
    </ClInclude>
    <ClInclude Include="StageManager.h">
      <Filter>Scenes</Filter>
    </ClInclude>
    <ClInclude Include="UI.h">
      <Filter>UI</Filter>
    </ClInclude>
    <ClInclude Include="TileMap.h">
      <Filter>TileMap</Filter>
    </ClInclude>
    <ClInclude Include="Simon.h">
      <Filter>Simon</Filter>
    </ClInclude>
    <ClInclude Include="Whip.h">
      <Filter>Simon</Filter>
    </ClInclude>
    <ClInclude Include="Candle.h">
      <Filter>Object\Static Object</Filter>
    </ClInclude>
    <ClInclude Include="Items.h">
      <Filter>Item</Filter>
    </ClInclude>
    <ClInclude Include="EffectDead.h">
      <Filter>Effect</Filter>
    </ClInclude>
    <ClInclude Include="SubWeapon.h">
      <Filter>Simon</Filter>
    </ClInclude>
    <ClInclude Include="Library\Inc\audiodefs.h">
      <Filter>Library\Inc</Filter>
    </ClInclude>
    <ClInclude Include="Library\Inc\comdecl.h">
      <Filter>Library\Inc</Filter>
    </ClInclude>
    <ClInclude Include="Library\Inc\D2D1.h">
      <Filter>Library\Inc</Filter>
    </ClInclude>
    <ClInclude Include="Library\Inc\D2D1Helper.h">
      <Filter>Library\Inc</Filter>
    </ClInclude>
    <ClInclude Include="Library\Inc\D2DBaseTypes.h">
      <Filter>Library\Inc</Filter>
    </ClInclude>
    <ClInclude Include="Library\Inc\D2Derr.h">
      <Filter>Library\Inc</Filter>
    </ClInclude>
    <ClInclude Include="Library\Inc\D3D10.h">
      <Filter>Library\Inc</Filter>
    </ClInclude>
    <ClInclude Include="Library\Inc\D3D10effect.h">
      <Filter>Library\Inc</Filter>
    </ClInclude>
    <ClInclude Include="Library\Inc\d3d10misc.h">
      <Filter>Library\Inc</Filter>
    </ClInclude>
    <ClInclude Include="Library\Inc\d3d10sdklayers.h">
      <Filter>Library\Inc</Filter>
    </ClInclude>
    <ClInclude Include="Library\Inc\D3D10shader.h">
      <Filter>Library\Inc</Filter>
    </ClInclude>
    <ClInclude Include="Library\Inc\D3D10_1.h">
      <Filter>Library\Inc</Filter>
    </ClInclude>
    <ClInclude Include="Library\Inc\D3D10_1shader.h">
      <Filter>Library\Inc</Filter>
    </ClInclude>
    <ClInclude Include="Library\Inc\D3D11.h">
      <Filter>Library\Inc</Filter>
    </ClInclude>
    <ClInclude Include="Library\Inc\D3D11SDKLayers.h">
      <Filter>Library\Inc</Filter>
    </ClInclude>
    <ClInclude Include="Library\Inc\D3D11Shader.h">
      <Filter>Library\Inc</Filter>
    </ClInclude>
    <ClInclude Include="Library\Inc\d3d9.h">
      <Filter>Library\Inc</Filter>
    </ClInclude>
    <ClInclude Include="Library\Inc\d3d9caps.h">
      <Filter>Library\Inc</Filter>
    </ClInclude>
    <ClInclude Include="Library\Inc\d3d9types.h">
      <Filter>Library\Inc</Filter>
    </ClInclude>
    <ClInclude Include="Library\Inc\D3Dcommon.h">
      <Filter>Library\Inc</Filter>
    </ClInclude>
    <ClInclude Include="Library\Inc\D3Dcompiler.h">
      <Filter>Library\Inc</Filter>
    </ClInclude>
    <ClInclude Include="Library\Inc\D3DCSX.h">
      <Filter>Library\Inc</Filter>
    </ClInclude>
    <ClInclude Include="Library\Inc\D3DX10.h">
      <Filter>Library\Inc</Filter>
    </ClInclude>
    <ClInclude Include="Library\Inc\d3dx10async.h">
      <Filter>Library\Inc</Filter>
    </ClInclude>
    <ClInclude Include="Library\Inc\D3DX10core.h">
      <Filter>Library\Inc</Filter>
    </ClInclude>
    <ClInclude Include="Library\Inc\D3DX10math.h">
      <Filter>Library\Inc</Filter>
    </ClInclude>
    <ClInclude Include="Library\Inc\D3DX10mesh.h">
      <Filter>Library\Inc</Filter>
    </ClInclude>
    <ClInclude Include="Library\Inc\D3DX10tex.h">
      <Filter>Library\Inc</Filter>
    </ClInclude>
    <ClInclude Include="Library\Inc\D3DX11.h">
      <Filter>Library\Inc</Filter>
    </ClInclude>
    <ClInclude Include="Library\Inc\D3DX11async.h">
      <Filter>Library\Inc</Filter>
    </ClInclude>
    <ClInclude Include="Library\Inc\D3DX11core.h">
      <Filter>Library\Inc</Filter>
    </ClInclude>
    <ClInclude Include="Library\Inc\D3DX11tex.h">
      <Filter>Library\Inc</Filter>
    </ClInclude>
    <ClInclude Include="Library\Inc\d3dx9.h">
      <Filter>Library\Inc</Filter>
    </ClInclude>
    <ClInclude Include="Library\Inc\d3dx9anim.h">
      <Filter>Library\Inc</Filter>
    </ClInclude>
    <ClInclude Include="Library\Inc\d3dx9core.h">
      <Filter>Library\Inc</Filter>
    </ClInclude>
    <ClInclude Include="Library\Inc\d3dx9effect.h">
      <Filter>Library\Inc</Filter>
    </ClInclude>
    <ClInclude Include="Library\Inc\d3dx9math.h">
      <Filter>Library\Inc</Filter>
    </ClInclude>
    <ClInclude Include="Library\Inc\d3dx9mesh.h">
      <Filter>Library\Inc</Filter>
    </ClInclude>
    <ClInclude Include="Library\Inc\d3dx9shader.h">
      <Filter>Library\Inc</Filter>
    </ClInclude>
    <ClInclude Include="Library\Inc\d3dx9shape.h">
      <Filter>Library\Inc</Filter>
    </ClInclude>
    <ClInclude Include="Library\Inc\d3dx9tex.h">
      <Filter>Library\Inc</Filter>
    </ClInclude>
    <ClInclude Include="Library\Inc\d3dx9xof.h">
      <Filter>Library\Inc</Filter>
    </ClInclude>
    <ClInclude Include="Library\Inc\Dcommon.h">
      <Filter>Library\Inc</Filter>
    </ClInclude>
    <ClInclude Include="Library\Inc\dinput.h">
      <Filter>Library\Inc</Filter>
    </ClInclude>
    <ClInclude Include="Library\Inc\dinputd.h">
      <Filter>Library\Inc</Filter>
    </ClInclude>
    <ClInclude Include="Library\Inc\dsconf.h">
      <Filter>Library\Inc</Filter>
    </ClInclude>
    <ClInclude Include="Library\Inc\dsetup.h">
      <Filter>Library\Inc</Filter>
    </ClInclude>
    <ClInclude Include="Library\Inc\dsound.h">
      <Filter>Library\Inc</Filter>
    </ClInclude>
    <ClInclude Include="Library\Inc\DWrite.h">
      <Filter>Library\Inc</Filter>
    </ClInclude>
    <ClInclude Include="Library\Inc\dxdiag.h">
      <Filter>Library\Inc</Filter>
    </ClInclude>
    <ClInclude Include="Library\Inc\DxErr.h">
      <Filter>Library\Inc</Filter>
    </ClInclude>
    <ClInclude Include="Library\Inc\dxfile.h">
      <Filter>Library\Inc</Filter>
    </ClInclude>
    <ClInclude Include="Library\Inc\DXGI.h">
      <Filter>Library\Inc</Filter>
    </ClInclude>
    <ClInclude Include="Library\Inc\DXGIFormat.h">
      <Filter>Library\Inc</Filter>
    </ClInclude>
    <ClInclude Include="Library\Inc\DXGIType.h">
      <Filter>Library\Inc</Filter>
    </ClInclude>
    <ClInclude Include="Library\Inc\dxsdkver.h">
      <Filter>Library\Inc</Filter>
    </ClInclude>
    <ClInclude Include="Library\Inc\gameux.h">
      <Filter>Library\Inc</Filter>
    </ClInclude>
    <ClInclude Include="Library\Inc\PIXPlugin.h">
      <Filter>Library\Inc</Filter>
    </ClInclude>
    <ClInclude Include="Library\Inc\rmxfguid.h">
      <Filter>Library\Inc</Filter>
    </ClInclude>
    <ClInclude Include="Library\Inc\rmxftmpl.h">
      <Filter>Library\Inc</Filter>
    </ClInclude>
    <ClInclude Include="Library\Inc\rpcsal.h">
      <Filter>Library\Inc</Filter>
    </ClInclude>
    <ClInclude Include="Library\Inc\X3DAudio.h">
      <Filter>Library\Inc</Filter>
    </ClInclude>
    <ClInclude Include="Library\Inc\xact3.h">
      <Filter>Library\Inc</Filter>
    </ClInclude>
    <ClInclude Include="Library\Inc\xact3d3.h">
      <Filter>Library\Inc</Filter>
    </ClInclude>
    <ClInclude Include="Library\Inc\xact3wb.h">
      <Filter>Library\Inc</Filter>
    </ClInclude>
    <ClInclude Include="Library\Inc\XAPO.h">
      <Filter>Library\Inc</Filter>
    </ClInclude>
    <ClInclude Include="Library\Inc\XAPOBase.h">
      <Filter>Library\Inc</Filter>
    </ClInclude>
    <ClInclude Include="Library\Inc\XAPOFX.h">
      <Filter>Library\Inc</Filter>
    </ClInclude>
    <ClInclude Include="Library\Inc\XAudio2.h">
      <Filter>Library\Inc</Filter>
    </ClInclude>
    <ClInclude Include="Library\Inc\XAudio2fx.h">
      <Filter>Library\Inc</Filter>
    </ClInclude>
    <ClInclude Include="Library\Inc\XDSP.h">
      <Filter>Library\Inc</Filter>
    </ClInclude>
    <ClInclude Include="Library\Inc\XInput.h">
      <Filter>Library\Inc</Filter>
    </ClInclude>
    <ClInclude Include="Library\Inc\xma2defs.h">
      <Filter>Library\Inc</Filter>
    </ClInclude>
    <ClInclude Include="Library\Inc\xnamath.h">
      <Filter>Library\Inc</Filter>
    </ClInclude>
  </ItemGroup>
  <ItemGroup>
    <Library Include="Library\Lib\d2d1.lib">
      <Filter>Library\Lib</Filter>
    </Library>
    <Library Include="Library\Lib\d3d9.lib">
      <Filter>Library\Lib</Filter>
    </Library>
    <Library Include="Library\Lib\d3d10.lib">
      <Filter>Library\Lib</Filter>
    </Library>
    <Library Include="Library\Lib\d3d10_1.lib">
      <Filter>Library\Lib</Filter>
    </Library>
    <Library Include="Library\Lib\d3d11.lib">
      <Filter>Library\Lib</Filter>
    </Library>
    <Library Include="Library\Lib\d3dcompiler.lib">
      <Filter>Library\Lib</Filter>
    </Library>
    <Library Include="Library\Lib\D3DCSX.lib">
      <Filter>Library\Lib</Filter>
    </Library>
    <Library Include="Library\Lib\D3DCSXd.lib">
      <Filter>Library\Lib</Filter>
    </Library>
    <Library Include="Library\Lib\d3dx9.lib">
      <Filter>Library\Lib</Filter>
    </Library>
    <Library Include="Library\Lib\d3dx9d.lib">
      <Filter>Library\Lib</Filter>
    </Library>
    <Library Include="Library\Lib\d3dx10.lib">
      <Filter>Library\Lib</Filter>
    </Library>
    <Library Include="Library\Lib\d3dx10d.lib">
      <Filter>Library\Lib</Filter>
    </Library>
    <Library Include="Library\Lib\d3dx11.lib">
      <Filter>Library\Lib</Filter>
    </Library>
    <Library Include="Library\Lib\d3dx11d.lib">
      <Filter>Library\Lib</Filter>
    </Library>
    <Library Include="Library\Lib\d3dxof.lib">
      <Filter>Library\Lib</Filter>
    </Library>
    <Library Include="Library\Lib\dinput8.lib">
      <Filter>Library\Lib</Filter>
    </Library>
    <Library Include="Library\Lib\dsetup.lib">
      <Filter>Library\Lib</Filter>
    </Library>
    <Library Include="Library\Lib\dsound.lib">
      <Filter>Library\Lib</Filter>
    </Library>
    <Library Include="Library\Lib\dwrite.lib">
      <Filter>Library\Lib</Filter>
    </Library>
    <Library Include="Library\Lib\DxErr.lib">
      <Filter>Library\Lib</Filter>
    </Library>
    <Library Include="Library\Lib\dxguid.lib">
      <Filter>Library\Lib</Filter>
    </Library>
    <Library Include="Library\Lib\dxgi.lib">
      <Filter>Library\Lib</Filter>
    </Library>
    <Library Include="Library\Lib\X3DAudio.lib">
      <Filter>Library\Lib</Filter>
    </Library>
    <Library Include="Library\Lib\xapobase.lib">
      <Filter>Library\Lib</Filter>
    </Library>
    <Library Include="Library\Lib\xapobased.lib">
      <Filter>Library\Lib</Filter>
    </Library>
    <Library Include="Library\Lib\XAPOFX.lib">
      <Filter>Library\Lib</Filter>
    </Library>
    <Library Include="Library\Lib\XInput.lib">
      <Filter>Library\Lib</Filter>
    </Library>
  </ItemGroup>
  <ItemGroup>
    <None Include="Library\Inc\D3DX10math.inl">
      <Filter>Library\Inc</Filter>
    </None>
    <None Include="Library\Inc\d3dx9math.inl">
      <Filter>Library\Inc</Filter>
    </None>
    <None Include="Library\Inc\D3DX_DXGIFormatConvert.inl">
      <Filter>Library\Inc</Filter>
    </None>
    <None Include="Library\Inc\xnamathconvert.inl">
      <Filter>Library\Inc</Filter>
    </None>
    <None Include="Library\Inc\xnamathmatrix.inl">
      <Filter>Library\Inc</Filter>
    </None>
    <None Include="Library\Inc\xnamathmisc.inl">
      <Filter>Library\Inc</Filter>
    </None>
    <None Include="Library\Inc\xnamathvector.inl">
      <Filter>Library\Inc</Filter>
    </None>
  </ItemGroup>
</Project>