<?xml version="1.0" encoding="utf-8"?>
<Project ToolsVersion="4.0" xmlns="http://schemas.microsoft.com/developer/msbuild/2003">
  <ItemGroup>
    <Filter Include="FrameWork">
      <UniqueIdentifier>{b5244061-9ab8-445e-8577-121558369a23}</UniqueIdentifier>
    </Filter>
    <Filter Include="Game">
      <UniqueIdentifier>{29b57f5a-4a9b-424c-85a0-a975a88a2d9e}</UniqueIdentifier>
    </Filter>
    <Filter Include="TileMap">
      <UniqueIdentifier>{640a7372-f128-4358-a4cd-32596fea1656}</UniqueIdentifier>
    </Filter>
    <Filter Include="Object">
      <UniqueIdentifier>{25c71947-975b-409c-abe4-a09b9dfebe8b}</UniqueIdentifier>
    </Filter>
    <Filter Include="Object\Static Object">
      <UniqueIdentifier>{1f369022-fa19-486f-8d3c-3694fab84f25}</UniqueIdentifier>
    </Filter>
    <Filter Include="WinMain">
      <UniqueIdentifier>{1ac8d7f9-1ece-47be-bc01-92099d72990c}</UniqueIdentifier>
    </Filter>
    <Filter Include="Scenes">
      <UniqueIdentifier>{33ab0fe0-5e5a-4cfb-9f12-d7239eed2a44}</UniqueIdentifier>
    </Filter>
    <Filter Include="UI">
      <UniqueIdentifier>{b995cd34-c520-453d-bf45-0f15e407625d}</UniqueIdentifier>
    </Filter>
    <Filter Include="Simon">
      <UniqueIdentifier>{cacf6498-46a2-4f34-8e24-fd9c56b7e97b}</UniqueIdentifier>
    </Filter>
    <Filter Include="Item">
      <UniqueIdentifier>{4030675a-7855-4583-b189-04f19ef85f1c}</UniqueIdentifier>
    </Filter>
    <Filter Include="Effect">
      <UniqueIdentifier>{b806c285-4790-4a1e-8095-181e9fbc6443}</UniqueIdentifier>
    </Filter>
  </ItemGroup>
  <ItemGroup>
    <ClCompile Include="Animations.cpp">
      <Filter>FrameWork</Filter>
    </ClCompile>
    <ClCompile Include="Debug.cpp">
      <Filter>FrameWork</Filter>
    </ClCompile>
    <ClCompile Include="Sprites.cpp">
      <Filter>FrameWork</Filter>
    </ClCompile>
    <ClCompile Include="Textures.cpp">
      <Filter>FrameWork</Filter>
    </ClCompile>
    <ClCompile Include="Game.cpp">
      <Filter>Game</Filter>
    </ClCompile>
    <ClCompile Include="GameObject.cpp">
      <Filter>Game</Filter>
    </ClCompile>
    <ClCompile Include="KeyEventHandler.cpp">
      <Filter>FrameWork</Filter>
    </ClCompile>
    <ClCompile Include="Ground.cpp">
      <Filter>Object\Static Object</Filter>
    </ClCompile>
    <ClCompile Include="main.cpp">
      <Filter>WinMain</Filter>
    </ClCompile>
    <ClCompile Include="Stage1.cpp">
      <Filter>Scenes</Filter>
    </ClCompile>
    <ClCompile Include="GameStage.cpp">
      <Filter>Scenes</Filter>
    </ClCompile>
    <ClCompile Include="StageManager.cpp">
      <Filter>Scenes</Filter>
    </ClCompile>
    <ClCompile Include="UI.cpp">
      <Filter>UI</Filter>
    </ClCompile>
    <ClCompile Include="TileMap.cpp">
      <Filter>TileMap</Filter>
    </ClCompile>
    <ClCompile Include="Simon.cpp">
      <Filter>Simon</Filter>
    </ClCompile>
    <ClCompile Include="Whip.cpp">
      <Filter>Simon</Filter>
    </ClCompile>
    <ClCompile Include="Candle.cpp">
      <Filter>Object\Static Object</Filter>
    </ClCompile>
    <ClCompile Include="Define.h">
      <Filter>WinMain</Filter>
    </ClCompile>
    <ClCompile Include="Items.cpp">
      <Filter>Item</Filter>
    </ClCompile>
    <ClCompile Include="EffectDead.cpp">
      <Filter>Effect</Filter>
    </ClCompile>
    <ClCompile Include="SubWeapon.cpp">
      <Filter>Simon</Filter>
    </ClCompile>
  </ItemGroup>
  <ItemGroup>
    <ClInclude Include="Animations.h">
      <Filter>FrameWork</Filter>
    </ClInclude>
    <ClInclude Include="Debug.h">
      <Filter>FrameWork</Filter>
    </ClInclude>
    <ClInclude Include="Sprites.h">
      <Filter>FrameWork</Filter>
    </ClInclude>
    <ClInclude Include="Textures.h">
      <Filter>FrameWork</Filter>
    </ClInclude>
    <ClInclude Include="Game.h">
      <Filter>Game</Filter>
    </ClInclude>
    <ClInclude Include="GameObject.h">
      <Filter>Game</Filter>
    </ClInclude>
    <ClInclude Include="KeyEventHandler.h">
      <Filter>FrameWork</Filter>
    </ClInclude>
    <ClInclude Include="Ground.h">
      <Filter>Object\Static Object</Filter>
    </ClInclude>
    <ClInclude Include="Stage1.h">
      <Filter>Scenes</Filter>
    </ClInclude>
    <ClInclude Include="GameStage.h">
      <Filter>Scenes</Filter>
    </ClInclude>
    <ClInclude Include="StageManager.h">
      <Filter>Scenes</Filter>
    </ClInclude>
    <ClInclude Include="UI.h">
      <Filter>UI</Filter>
    </ClInclude>
    <ClInclude Include="TileMap.h">
      <Filter>TileMap</Filter>
    </ClInclude>
    <ClInclude Include="Simon.h">
      <Filter>Simon</Filter>
    </ClInclude>
    <ClInclude Include="Whip.h">
      <Filter>Simon</Filter>
    </ClInclude>
    <ClInclude Include="Candle.h">
      <Filter>Object\Static Object</Filter>
    </ClInclude>
    <ClInclude Include="Items.h">
      <Filter>Item</Filter>
    </ClInclude>
    <ClInclude Include="EffectDead.h">
      <Filter>Effect</Filter>
    </ClInclude>
    <ClInclude Include="SubWeapon.h">
      <Filter>Simon</Filter>
    </ClInclude>
  </ItemGroup>
</Project>